
Microsoft Visual Studio Solution File, Format Version 12.00
# Visual Studio Version 17
VisualStudioVersion = 17.14.36121.58
MinimumVisualStudioVersion = 10.0.40219.1
Project("{FAE04EC0-301F-11D3-BF4B-00C04F79EFBC}") = "ToDo.Api", "src\ToDo.Api\ToDo.Api.csproj", "{F750B1B4-BF44-4317-B675-039955EC2DEE}"
EndProject
Global
	GlobalSection(SolutionConfigurationPlatforms) = preSolution
		Debug|Any CPU = Debug|Any CPU
		Release|Any CPU = Release|Any CPU
	EndGlobalSection
	GlobalSection(ProjectConfigurationPlatforms) = postSolution
		{F750B1B4-BF44-4317-B675-039955EC2DEE}.Debug|Any CPU.ActiveCfg = Debug|Any CPU
		{F750B1B4-BF44-4317-B675-039955EC2DEE}.Debug|Any CPU.Build.0 = Debug|Any CPU
		{F750B1B4-BF44-4317-B675-039955EC2DEE}.Release|Any CPU.ActiveCfg = Release|Any CPU
		{F750B1B4-BF44-4317-B675-039955EC2DEE}.Release|Any CPU.Build.0 = Release|Any CPU
	EndGlobalSection
	GlobalSection(SolutionProperties) = preSolution
		HideSolutionNode = FALSE
	EndGlobalSection
	GlobalSection(ExtensibilityGlobals) = postSolution
		SolutionGuid = {1A7E55CD-95C3-4E8E-9DD3-BA2519C2FA0C}
	EndGlobalSection
EndGlobal
